
Microsoft Visual Studio Solution File, Format Version 12.00
# Visual Studio Version 16
VisualStudioVersion = 16.0.29728.190
MinimumVisualStudioVersion = 10.0.40219.1
Project("{FAE04EC0-301F-11D3-BF4B-00C04F79EFBC}") = "Sistema de cadastro de dados", "Sistema de cadastro de dados.csproj", "{F64CAFBE-9F45-471E-83C7-907644EE0AD7}"
EndProject
Global
	GlobalSection(SolutionConfigurationPlatforms) = preSolution
		Debug|Any CPU = Debug|Any CPU
		Release|Any CPU = Release|Any CPU
	EndGlobalSection
	GlobalSection(ProjectConfigurationPlatforms) = postSolution
		{F64CAFBE-9F45-471E-83C7-907644EE0AD7}.Debug|Any CPU.ActiveCfg = Debug|Any CPU
		{F64CAFBE-9F45-471E-83C7-907644EE0AD7}.Debug|Any CPU.Build.0 = Debug|Any CPU
		{F64CAFBE-9F45-471E-83C7-907644EE0AD7}.Release|Any CPU.ActiveCfg = Release|Any CPU
		{F64CAFBE-9F45-471E-83C7-907644EE0AD7}.Release|Any CPU.Build.0 = Release|Any CPU
	EndGlobalSection
	GlobalSection(SolutionProperties) = preSolution
		HideSolutionNode = FALSE
	EndGlobalSection
	GlobalSection(ExtensibilityGlobals) = postSolution
		SolutionGuid = {E0050E2F-B3EB-4FDA-907A-94EA62DBA641}
	EndGlobalSection
EndGlobal
